PODS:
  - Flutter (1.0.0)
  - geolocator_apple (1.2.0):
    - Flutter
    - FlutterMacOS
  - image_picker_ios (0.0.1):
    - Flutter
  - mapbox_maps_flutter (2.20.1):
    - Flutter
    - MapboxMaps (= 11.20.2)
    - Turf (= 4.0.0)
  - MapboxCommon (24.20.2):
    - Turf (= 4.0.0)
  - MapboxCoreMaps (11.20.2):
    - MapboxCommon (= 24.20.2)
  - MapboxMaps (11.20.2):
    - MapboxCommon (= 24.20.2)
    - MapboxCoreMaps (= 11.20.2)
    - Turf (= 4.0.0)
  - shared_preferences_foundation (0.0.1):
    - Flutter
    - FlutterMacOS
  - Turf (4.0.0)

DEPENDENCIES:
  - Flutter (from `Flutter`)
  - geolocator_apple (from `.symlinks/plugins/geolocator_apple/darwin`)
  - image_picker_ios (from `.symlinks/plugins/image_picker_ios/ios`)
  - mapbox_maps_flutter (from `.symlinks/plugins/mapbox_maps_flutter/ios`)
  - shared_preferences_foundation (from `.symlinks/plugins/shared_preferences_foundation/darwin`)

SPEC REPOS:
  trunk:
    - MapboxCommon
    - MapboxCoreMaps
    - MapboxMaps
    - Turf

EXTERNAL SOURCES:
  Flutter:
    :path: Flutter
  geolocator_apple:
    :path: ".symlinks/plugins/geolocator_apple/darwin"
  image_picker_ios:
    :path: ".symlinks/plugins/image_picker_ios/ios"
  mapbox_maps_flutter:
    :path: ".symlinks/plugins/mapbox_maps_flutter/ios"
  shared_preferences_foundation:
    :path: ".symlinks/plugins/shared_preferences_foundation/darwin"

SPEC CHECKSUMS:
  Flutter: cabc95a1d2626b1b06e7179b784ebcf0c0cde467
  geolocator_apple: 66b711889fd333205763b83c9dcf0a57a28c7afd
  image_picker_ios: c560581cceedb403a6ff17f2f816d7fea1421fc1
  mapbox_maps_flutter: d514808eb3b2ff6865c242f0176bf3fa934cf8ce
  MapboxCommon: 7a40d88a3257c0efe4b82daec742f45e29a1df89
  MapboxCoreMaps: c29c7be0e11aeaf2e9e8b3f521661a1436f5ad9a
  MapboxMaps: b2e0484e58daf80658fdcd444df1870756855fba
  shared_preferences_foundation: 5086985c1d43c5ba4d5e69a4e8083a389e2909e6
  Turf: c9eb11a65d96af58cac523460fd40fec5061b081

PODFILE CHECKSUM: 8c4d30c2258325612f2b7276ac7aac1f617fcf63

COCOAPODS: 1.16.2
